apiVersion: vendir.k14s.io/v1alpha1
directories:
- contents:
  - githubRelease:
      tag: v0.8.5
      url: https://api.github.com/repos/vmware-tanzu/cartographer/releases/127215331
    path: cartographer
  - githubRelease:
      tag: v0.6.0
      url: https://api.github.com/repos/vmware-tanzu/cartographer-conventions/releases/126309073
    path: cartographer-conventions
  path: config/upstream
kind: LockConfig
